Microsoft Visual Studio Solution File, Format Version 12.00
# Visual Studio Version 17
VisualStudioVersion = 17.5.2.0
MinimumVisualStudioVersion = 10.0.40219.1
Project("{FAE04EC0-301F-11D3-BF4B-00C04F79EFBC}") = "ProjectManagement.Web", "ProjectManagement.Web\ProjectManagement.Web.csproj", "{A6D7A840-1181-E1C9-4041-EF3252E45A7C}"
EndProject
Global
	GlobalSection(SolutionConfigurationPlatforms) = preSolution
		Debug|Any CPU = Debug|Any CPU
		Release|Any CPU = Release|Any CPU
	EndGlobalSection
	GlobalSection(ProjectConfigurationPlatforms) = postSolution
		{A6D7A840-1181-E1C9-4041-EF3252E45A7C}.Debug|Any CPU.ActiveCfg = Debug|Any CPU
		{A6D7A840-1181-E1C9-4041-EF3252E45A7C}.Debug|Any CPU.Build.0 = Debug|Any CPU
		{A6D7A840-1181-E1C9-4041-EF3252E45A7C}.Release|Any CPU.ActiveCfg = Release|Any CPU
		{A6D7A840-1181-E1C9-4041-EF3252E45A7C}.Release|Any CPU.Build.0 = Release|Any CPU
	EndGlobalSection
	GlobalSection(SolutionProperties) = preSolution
		HideSolutionNode = FALSE
	EndGlobalSection
	GlobalSection(ExtensibilityGlobals) = postSolution
		SolutionGuid = {F69EF5FA-C50B-4B5A-8444-6282C573398B}
	EndGlobalSection
EndGlobal
